// !$*UTF8*$!
{
	archiveVersion = 1;
	classes = {
	};
	objectVersion = 51;
	objects = {

/* Begin PBXBuildFile section */
		197B11985C73DB6340F228CF /* Pods_VIPER_test.framework in Frameworks */ = {isa = PBXBuildFile; fileRef = 1B7E2FC815548B557F77097B /* Pods_VIPER_test.framework */; };
		50F7B3C123ACC05B00487140 /* AppDelegate.swift in Sources */ = {isa = PBXBuildFile; fileRef = 50F7B3C023ACC05B00487140 /* AppDelegate.swift */; };
		50F7B3C323ACC05B00487140 /* SceneDelegate.swift in Sources */ = {isa = PBXBuildFile; fileRef = 50F7B3C223ACC05B00487140 /* SceneDelegate.swift */; };
		50F7B3CA23ACC05D00487140 /* Assets.xcassets in Resources */ = {isa = PBXBuildFile; fileRef = 50F7B3C923ACC05D00487140 /* Assets.xcassets */; };
		50F7B3CD23ACC05D00487140 /* LaunchScreen.storyboard in Resources */ = {isa = PBXBuildFile; fileRef = 50F7B3CB23ACC05D00487140 /* LaunchScreen.storyboard */; };
		50F7B3D823ACC05E00487140 /* VIPER_testTests.swift in Sources */ = {isa = PBXBuildFile; fileRef = 50F7B3D723ACC05E00487140 /* VIPER_testTests.swift */; };
		50F7B3E323ACC05E00487140 /* VIPER_testUITests.swift in Sources */ = {isa = PBXBuildFile; fileRef = 50F7B3E223ACC05E00487140 /* VIPER_testUITests.swift */; };
		50F7B3F723ACC18F00487140 /* Timeline.storyboard in Resources */ = {isa = PBXBuildFile; fileRef = 50F7B3F623ACC18F00487140 /* Timeline.storyboard */; };
		50F7B3FB23ACC38C00487140 /* TimelineTableViewController.swift in Sources */ = {isa = PBXBuildFile; fileRef = 50F7B3FA23ACC38C00487140 /* TimelineTableViewController.swift */; };
		50F7B3FE23ACC41A00487140 /* TimelineRouter.swift in Sources */ = {isa = PBXBuildFile; fileRef = 50F7B3FD23ACC41A00487140 /* TimelineRouter.swift */; };
		50F7B40123ACC5AD00487140 /* TimelinePresenter.swift in Sources */ = {isa = PBXBuildFile; fileRef = 50F7B40023ACC5AD00487140 /* TimelinePresenter.swift */; };
		50F7B40423ACC6AA00487140 /* TimelineInteractor.swift in Sources */ = {isa = PBXBuildFile; fileRef = 50F7B40323ACC6AA00487140 /* TimelineInteractor.swift */; };
		50F7B40723ACCD3B00487140 /* TimelineEntity.swift in Sources */ = {isa = PBXBuildFile; fileRef = 50F7B40623ACCD3B00487140 /* TimelineEntity.swift */; };
		50F7B40A23ACD1BB00487140 /* QiitaAPIClient.swift in Sources */ = {isa = PBXBuildFile; fileRef = 50F7B40923ACD1BB00487140 /* QiitaAPIClient.swift */; };
		50F7B40C23B31BA600487140 /* RootRouter.swift in Sources */ = {isa = PBXBuildFile; fileRef = 50F7B40B23B31BA600487140 /* RootRouter.swift */; };
		50F7B40E23B3301A00487140 /* tableView.xib in Resources */ = {isa = PBXBuildFile; fileRef = 50F7B40D23B3301A00487140 /* tableView.xib */; };
		50F7B41023B331E400487140 /* timelineCell.xib in Resources */ = {isa = PBXBuildFile; fileRef = 50F7B40F23B331E400487140 /* timelineCell.xib */; };
		50F7B41223B3343E00487140 /* TimelineCell.swift in Sources */ = {isa = PBXBuildFile; fileRef = 50F7B41123B3343E00487140 /* TimelineCell.swift */; };
/* End PBXBuildFile section */

/* Begin PBXContainerItemProxy section */
		50F7B3D423ACC05E00487140 /* PBXContainerItemProxy */ = {
			isa = PBXContainerItemProxy;
			containerPortal = 50F7B3B523ACC05B00487140 /* Project object */;
			proxyType = 1;
			remoteGlobalIDString = 50F7B3BC23ACC05B00487140;
			remoteInfo = "VIPER-test";
		};
		50F7B3DF23ACC05E00487140 /* PBXContainerItemProxy */ = {
			isa = PBXContainerItemProxy;
			containerPortal = 50F7B3B523ACC05B00487140 /* Project object */;
			proxyType = 1;
			remoteGlobalIDString = 50F7B3BC23ACC05B00487140;
			remoteInfo = "VIPER-test";
		};
/* End PBXContainerItemProxy section */

/* Begin PBXFileReference section */
		01989884673C3E4F5EC3E10A /* Pods-VIPER-test.release.xcconfig */ = {isa = PBXFileReference; includeInIndex = 1; lastKnownFileType = text.xcconfig; name = "Pods-VIPER-test.release.xcconfig"; path = "Target Support Files/Pods-VIPER-test/Pods-VIPER-test.release.xcconfig"; sourceTree = "<group>"; };
		1B7E2FC815548B557F77097B /* Pods_VIPER_test.framework */ = {isa = PBXFileReference; explicitFileType = wrapper.framework; includeInIndex = 0; path = Pods_VIPER_test.framework; sourceTree = BUILT_PRODUCTS_DIR; };
		2A3FEC7F3B87BD7A3DB7A226 /* Pods-VIPER-test.debug.xcconfig */ = {isa = PBXFileReference; includeInIndex = 1; lastKnownFileType = text.xcconfig; name = "Pods-VIPER-test.debug.xcconfig"; path = "Target Support Files/Pods-VIPER-test/Pods-VIPER-test.debug.xcconfig"; sourceTree = "<group>"; };
		50F7B3BD23ACC05B00487140 /* VIPER-test.app */ = {isa = PBXFileReference; explicitFileType = wrapper.application; includeInIndex = 0; path = "VIPER-test.app"; sourceTree = BUILT_PRODUCTS_DIR; };
		50F7B3C023ACC05B00487140 /* AppDelegate.swift */ = {isa = PBXFileReference; lastKnownFileType = sourcecode.swift; path = AppDelegate.swift; sourceTree = "<group>"; };
		50F7B3C223ACC05B00487140 /* SceneDelegate.swift */ = {isa = PBXFileReference; lastKnownFileType = sourcecode.swift; path = SceneDelegate.swift; sourceTree = "<group>"; };
		50F7B3C923ACC05D00487140 /* Assets.xcassets */ = {isa = PBXFileReference; lastKnownFileType = folder.assetcatalog; path = Assets.xcassets; sourceTree = "<group>"; };
		50F7B3CC23ACC05D00487140 /* Base */ = {isa = PBXFileReference; lastKnownFileType = file.storyboard; name = Base; path = Base.lproj/LaunchScreen.storyboard; sourceTree = "<group>"; };
		50F7B3CE23ACC05D00487140 /* Info.plist */ = {isa = PBXFileReference; lastKnownFileType = text.plist.xml; path = Info.plist; sourceTree = "<group>"; };
		50F7B3D323ACC05E00487140 /* VIPER-testTests.xctest */ = {isa = PBXFileReference; explicitFileType = wrapper.cfbundle; includeInIndex = 0; path = "VIPER-testTests.xctest"; sourceTree = BUILT_PRODUCTS_DIR; };
		50F7B3D723ACC05E00487140 /* VIPER_testTests.swift */ = {isa = PBXFileReference; lastKnownFileType = sourcecode.swift; path = VIPER_testTests.swift; sourceTree = "<group>"; };
		50F7B3D923ACC05E00487140 /* Info.plist */ = {isa = PBXFileReference; lastKnownFileType = text.plist.xml; path = Info.plist; sourceTree = "<group>"; };
		50F7B3DE23ACC05E00487140 /* VIPER-testUITests.xctest */ = {isa = PBXFileReference; explicitFileType = wrapper.cfbundle; includeInIndex = 0; path = "VIPER-testUITests.xctest"; sourceTree = BUILT_PRODUCTS_DIR; };
		50F7B3E223ACC05E00487140 /* VIPER_testUITests.swift */ = {isa = PBXFileReference; lastKnownFileType = sourcecode.swift; path = VIPER_testUITests.swift; sourceTree = "<group>"; };
		50F7B3E423ACC05E00487140 /* Info.plist */ = {isa = PBXFileReference; lastKnownFileType = text.plist.xml; path = Info.plist; sourceTree = "<group>"; };
		50F7B3F623ACC18F00487140 /* Timeline.storyboard */ = {isa = PBXFileReference; lastKnownFileType = file.storyboard; path = Timeline.storyboard; sourceTree = "<group>"; };
		50F7B3FA23ACC38C00487140 /* TimelineTableViewController.swift */ = {isa = PBXFileReference; lastKnownFileType = sourcecode.swift; path = TimelineTableViewController.swift; sourceTree = "<group>"; };
		50F7B3FD23ACC41A00487140 /* TimelineRouter.swift */ = {isa = PBXFileReference; lastKnownFileType = sourcecode.swift; path = TimelineRouter.swift; sourceTree = "<group>"; };
		50F7B40023ACC5AD00487140 /* TimelinePresenter.swift */ = {isa = PBXFileReference; lastKnownFileType = sourcecode.swift; path = TimelinePresenter.swift; sourceTree = "<group>"; };
		50F7B40323ACC6AA00487140 /* TimelineInteractor.swift */ = {isa = PBXFileReference; lastKnownFileType = sourcecode.swift; path = TimelineInteractor.swift; sourceTree = "<group>"; };
		50F7B40623ACCD3B00487140 /* TimelineEntity.swift */ = {isa = PBXFileReference; lastKnownFileType = sourcecode.swift; path = TimelineEntity.swift; sourceTree = "<group>"; };
		50F7B40923ACD1BB00487140 /* QiitaAPIClient.swift */ = {isa = PBXFileReference; lastKnownFileType = sourcecode.swift; path = QiitaAPIClient.swift; sourceTree = "<group>"; };
		50F7B40B23B31BA600487140 /* RootRouter.swift */ = {isa = PBXFileReference; lastKnownFileType = sourcecode.swift; path = RootRouter.swift; sourceTree = "<group>"; };
		50F7B40D23B3301A00487140 /* tableView.xib */ = {isa = PBXFileReference; lastKnownFileType = file.xib; path = tableView.xib; sourceTree = "<group>"; };
		50F7B40F23B331E400487140 /* timelineCell.xib */ = {isa = PBXFileReference; lastKnownFileType = file.xib; path = timelineCell.xib; sourceTree = "<group>"; };
		50F7B41123B3343E00487140 /* TimelineCell.swift */ = {isa = PBXFileReference; lastKnownFileType = sourcecode.swift; path = TimelineCell.swift; sourceTree = "<group>"; };
/* End PBXFileReference section */

/* Begin PBXFrameworksBuildPhase section */
		50F7B3BA23ACC05B00487140 /* Frameworks */ = {
			isa = PBXFrameworksBuildPhase;
			buildActionMask = 2147483647;
			files = (
				197B11985C73DB6340F228CF /* Pods_VIPER_test.framework in Frameworks */,
			);
			runOnlyForDeploymentPostprocessing = 0;
		};
		50F7B3D023ACC05E00487140 /* Frameworks */ = {
			isa = PBXFrameworksBuildPhase;
			buildActionMask = 2147483647;
			files = (
			);
			runOnlyForDeploymentPostprocessing = 0;
		};
		50F7B3DB23ACC05E00487140 /* Frameworks */ = {
			isa = PBXFrameworksBuildPhase;
			buildActionMask = 2147483647;
			files = (
			);
			runOnlyForDeploymentPostprocessing = 0;
		};
/* End PBXFrameworksBuildPhase section */

/* Begin PBXGroup section */
		50F7B3B423ACC05B00487140 = {
			isa = PBXGroup;
			children = (
				50F7B3BF23ACC05B00487140 /* VIPER-test */,
				50F7B3D623ACC05E00487140 /* VIPER-testTests */,
				50F7B3E123ACC05E00487140 /* VIPER-testUITests */,
				50F7B3BE23ACC05B00487140 /* Products */,
				EE6D0EC3CE7DCFF4A3F17884 /* Pods */,
				D1FCD3FAE9DA6F7B7153A2AA /* Frameworks */,
			);
			sourceTree = "<group>";
		};
		50F7B3BE23ACC05B00487140 /* Products */ = {
			isa = PBXGroup;
			children = (
				50F7B3BD23ACC05B00487140 /* VIPER-test.app */,
				50F7B3D323ACC05E00487140 /* VIPER-testTests.xctest */,
				50F7B3DE23ACC05E00487140 /* VIPER-testUITests.xctest */,
			);
			name = Products;
			sourceTree = "<group>";
		};
		50F7B3BF23ACC05B00487140 /* VIPER-test */ = {
			isa = PBXGroup;
			children = (
				50F7B3CE23ACC05D00487140 /* Info.plist */,
				50F7B3F023ACC0A700487140 /* application */,
				50F7B3F123ACC0FE00487140 /* modules */,
				50F7B3F223ACC10B00487140 /* data */,
				50F7B3F323ACC13000487140 /* entities */,
			);
			path = "VIPER-test";
			sourceTree = "<group>";
		};
		50F7B3D623ACC05E00487140 /* VIPER-testTests */ = {
			isa = PBXGroup;
			children = (
				50F7B3D723ACC05E00487140 /* VIPER_testTests.swift */,
				50F7B3D923ACC05E00487140 /* Info.plist */,
			);
			path = "VIPER-testTests";
			sourceTree = "<group>";
		};
		50F7B3E123ACC05E00487140 /* VIPER-testUITests */ = {
			isa = PBXGroup;
			children = (
				50F7B3E223ACC05E00487140 /* VIPER_testUITests.swift */,
				50F7B3E423ACC05E00487140 /* Info.plist */,
			);
			path = "VIPER-testUITests";
			sourceTree = "<group>";
		};
		50F7B3F023ACC0A700487140 /* application */ = {
			isa = PBXGroup;
			children = (
				50F7B3C223ACC05B00487140 /* SceneDelegate.swift */,
				50F7B3C023ACC05B00487140 /* AppDelegate.swift */,
				50F7B3CB23ACC05D00487140 /* LaunchScreen.storyboard */,
				50F7B3C923ACC05D00487140 /* Assets.xcassets */,
			);
			path = application;
			sourceTree = "<group>";
		};
		50F7B3F123ACC0FE00487140 /* modules */ = {
			isa = PBXGroup;
			children = (
				50F7B40B23B31BA600487140 /* RootRouter.swift */,
				50F7B3F423ACC16000487140 /* timeline-modules */,
			);
			path = modules;
			sourceTree = "<group>";
		};
		50F7B3F223ACC10B00487140 /* data */ = {
			isa = PBXGroup;
			children = (
				50F7B40223ACC69A00487140 /* interactor */,
				50F7B40823ACD1A100487140 /* api */,
			);
			path = data;
			sourceTree = "<group>";
		};
		50F7B3F323ACC13000487140 /* entities */ = {
			isa = PBXGroup;
			children = (
				50F7B40623ACCD3B00487140 /* TimelineEntity.swift */,
			);
			path = entities;
			sourceTree = "<group>";
		};
		50F7B3F423ACC16000487140 /* timeline-modules */ = {
			isa = PBXGroup;
			children = (
				50F7B3FF23ACC59300487140 /* presenter */,
				50F7B3FC23ACC40000487140 /* router */,
				50F7B3F523ACC17200487140 /* view */,
			);
			path = "timeline-modules";
			sourceTree = "<group>";
		};
		50F7B3F523ACC17200487140 /* view */ = {
			isa = PBXGroup;
			children = (
				50F7B3F623ACC18F00487140 /* Timeline.storyboard */,
				50F7B3FA23ACC38C00487140 /* TimelineTableViewController.swift */,
				50F7B40D23B3301A00487140 /* tableView.xib */,
				50F7B40F23B331E400487140 /* timelineCell.xib */,
				50F7B41123B3343E00487140 /* TimelineCell.swift */,
			);
			path = view;
			sourceTree = "<group>";
		};
		50F7B3FC23ACC40000487140 /* router */ = {
			isa = PBXGroup;
			children = (
				50F7B3FD23ACC41A00487140 /* TimelineRouter.swift */,
			);
			path = router;
			sourceTree = "<group>";
		};
		50F7B3FF23ACC59300487140 /* presenter */ = {
			isa = PBXGroup;
			children = (
				50F7B40023ACC5AD00487140 /* TimelinePresenter.swift */,
			);
			path = presenter;
			sourceTree = "<group>";
		};
		50F7B40223ACC69A00487140 /* interactor */ = {
			isa = PBXGroup;
			children = (
				50F7B40323ACC6AA00487140 /* TimelineInteractor.swift */,
			);
			path = interactor;
			sourceTree = "<group>";
		};
		50F7B40823ACD1A100487140 /* api */ = {
			isa = PBXGroup;
			children = (
				50F7B40923ACD1BB00487140 /* QiitaAPIClient.swift */,
			);
			path = api;
			sourceTree = "<group>";
		};
		D1FCD3FAE9DA6F7B7153A2AA /* Frameworks */ = {
			isa = PBXGroup;
			children = (
				1B7E2FC815548B557F77097B /* Pods_VIPER_test.framework */,
			);
			name = Frameworks;
			sourceTree = "<group>";
		};
		EE6D0EC3CE7DCFF4A3F17884 /* Pods */ = {
			isa = PBXGroup;
			children = (
				2A3FEC7F3B87BD7A3DB7A226 /* Pods-VIPER-test.debug.xcconfig */,
				01989884673C3E4F5EC3E10A /* Pods-VIPER-test.release.xcconfig */,
			);
			path = Pods;
			sourceTree = "<group>";
		};
/* End PBXGroup section */

/* Begin PBXNativeTarget section */
		50F7B3BC23ACC05B00487140 /* VIPER-test */ = {
			isa = PBXNativeTarget;
			buildConfigurationList = 50F7B3E723ACC05E00487140 /* Build configuration list for PBXNativeTarget "VIPER-test" */;
			buildPhases = (
				0E7E703EA15E19B47875919C /* [CP] Check Pods Manifest.lock */,
				50F7B3B923ACC05B00487140 /* Sources */,
				50F7B3BA23ACC05B00487140 /* Frameworks */,
				50F7B3BB23ACC05B00487140 /* Resources */,
				CEAD670D08A0EBE3C9E167CE /* [CP] Embed Pods Frameworks */,
			);
			buildRules = (
			);
			dependencies = (
			);
			name = "VIPER-test";
			productName = "VIPER-test";
			productReference = 50F7B3BD23ACC05B00487140 /* VIPER-test.app */;
			productType = "com.apple.product-type.application";
		};
		50F7B3D223ACC05E00487140 /* VIPER-testTests */ = {
			isa = PBXNativeTarget;
			buildConfigurationList = 50F7B3EA23ACC05E00487140 /* Build configuration list for PBXNativeTarget "VIPER-testTests" */;
			buildPhases = (
				50F7B3CF23ACC05E00487140 /* Sources */,
				50F7B3D023ACC05E00487140 /* Frameworks */,
				50F7B3D123ACC05E00487140 /* Resources */,
			);
			buildRules = (
			);
			dependencies = (
				50F7B3D523ACC05E00487140 /* PBXTargetDependency */,
			);
			name = "VIPER-testTests";
			productName = "VIPER-testTests";
			productReference = 50F7B3D323ACC05E00487140 /* VIPER-testTests.xctest */;
			productType = "com.apple.product-type.bundle.unit-test";
		};
		50F7B3DD23ACC05E00487140 /* VIPER-testUITests */ = {
			isa = PBXNativeTarget;
			buildConfigurationList = 50F7B3ED23ACC05E00487140 /* Build configuration list for PBXNativeTarget "VIPER-testUITests" */;
			buildPhases = (
				50F7B3DA23ACC05E00487140 /* Sources */,
				50F7B3DB23ACC05E00487140 /* Frameworks */,
				50F7B3DC23ACC05E00487140 /* Resources */,
			);
			buildRules = (
			);
			dependencies = (
				50F7B3E023ACC05E00487140 /* PBXTargetDependency */,
			);
			name = "VIPER-testUITests";
			productName = "VIPER-testUITests";
			productReference = 50F7B3DE23ACC05E00487140 /* VIPER-testUITests.xctest */;
			productType = "com.apple.product-type.bundle.ui-testing";
		};
/* End PBXNativeTarget section */

/* Begin PBXProject section */
		50F7B3B523ACC05B00487140 /* Project object */ = {
			isa = PBXProject;
			attributes = {
				LastSwiftUpdateCheck = 1100;
				LastUpgradeCheck = 1100;
				ORGANIZATIONNAME = "辻 悠一郎";
				TargetAttributes = {
					50F7B3BC23ACC05B00487140 = {
						CreatedOnToolsVersion = 11.0;
					};
					50F7B3D223ACC05E00487140 = {
						CreatedOnToolsVersion = 11.0;
						TestTargetID = 50F7B3BC23ACC05B00487140;
					};
					50F7B3DD23ACC05E00487140 = {
						CreatedOnToolsVersion = 11.0;
						TestTargetID = 50F7B3BC23ACC05B00487140;
					};
				};
			};
			buildConfigurationList = 50F7B3B823ACC05B00487140 /* Build configuration list for PBXProject "VIPER-test" */;
			compatibilityVersion = "Xcode 9.3";
			developmentRegion = en;
			hasScannedForEncodings = 0;
			knownRegions = (
				en,
				Base,
			);
			mainGroup = 50F7B3B423ACC05B00487140;
			productRefGroup = 50F7B3BE23ACC05B00487140 /* Products */;
			projectDirPath = "";
			projectRoot = "";
			targets = (
				50F7B3BC23ACC05B00487140 /* VIPER-test */,
				50F7B3D223ACC05E00487140 /* VIPER-testTests */,
				50F7B3DD23ACC05E00487140 /* VIPER-testUITests */,
			);
		};
/* End PBXProject section */

/* Begin PBXResourcesBuildPhase section */
		50F7B3BB23ACC05B00487140 /* Resources */ = {
			isa = PBXResourcesBuildPhase;
			buildActionMask = 2147483647;
			files = (
				50F7B3CD23ACC05D00487140 /* LaunchScreen.storyboard in Resources */,
				50F7B40E23B3301A00487140 /* tableView.xib in Resources */,
				50F7B3F723ACC18F00487140 /* Timeline.storyboard in Resources */,
				50F7B41023B331E400487140 /* timelineCell.xib in Resources */,
				50F7B3CA23ACC05D00487140 /* Assets.xcassets in Resources */,
			);
			runOnlyForDeploymentPostprocessing = 0;
		};
		50F7B3D123ACC05E00487140 /* Resources */ = {
			isa = PBXResourcesBuildPhase;
			buildActionMask = 2147483647;
			files = (
			);
			runOnlyForDeploymentPostprocessing = 0;
		};
		50F7B3DC23ACC05E00487140 /* Resources */ = {
			isa = PBXResourcesBuildPhase;
			buildActionMask = 2147483647;
			files = (
			);
			runOnlyForDeploymentPostprocessing = 0;
		};
/* End PBXResourcesBuildPhase section */

/* Begin PBXShellScriptBuildPhase section */
		0E7E703EA15E19B47875919C /* [CP] Check Pods Manifest.lock */ = {
			isa = PBXShellScriptBuildPhase;
			buildActionMask = 2147483647;
			files = (
			);
			inputFileListPaths = (
			);
			inputPaths = (
				"${PODS_PODFILE_DIR_PATH}/Podfile.lock",
				"${PODS_ROOT}/Manifest.lock",
			);
			name = "[CP] Check Pods Manifest.lock";
			outputFileListPaths = (
			);
			outputPaths = (
				"$(DERIVED_FILE_DIR)/Pods-VIPER-test-checkManifestLockResult.txt",
			);
			runOnlyForDeploymentPostprocessing = 0;
			shellPath = /bin/sh;
			shellScript = "diff \"${PODS_PODFILE_DIR_PATH}/Podfile.lock\" \"${PODS_ROOT}/Manifest.lock\" > /dev/null\nif [ $? != 0 ] ; then\n    # print error to STDERR\n    echo \"error: The sandbox is not in sync with the Podfile.lock. Run 'pod install' or update your CocoaPods installation.\" >&2\n    exit 1\nfi\n# This output is used by Xcode 'outputs' to avoid re-running this script phase.\necho \"SUCCESS\" > \"${SCRIPT_OUTPUT_FILE_0}\"\n";
			showEnvVarsInLog = 0;
		};
		CEAD670D08A0EBE3C9E167CE /* [CP] Embed Pods Frameworks */ = {
			isa = PBXShellScriptBuildPhase;
			buildActionMask = 2147483647;
			files = (
			);
			inputFileListPaths = (
				"${PODS_ROOT}/Target Support Files/Pods-VIPER-test/Pods-VIPER-test-frameworks-${CONFIGURATION}-input-files.xcfilelist",
			);
			name = "[CP] Embed Pods Frameworks";
			outputFileListPaths = (
				"${PODS_ROOT}/Target Support Files/Pods-VIPER-test/Pods-VIPER-test-frameworks-${CONFIGURATION}-output-files.xcfilelist",
			);
			runOnlyForDeploymentPostprocessing = 0;
			shellPath = /bin/sh;
			shellScript = "\"${PODS_ROOT}/Target Support Files/Pods-VIPER-test/Pods-VIPER-test-frameworks.sh\"\n";
			showEnvVarsInLog = 0;
		};
/* End PBXShellScriptBuildPhase section */

/* Begin PBXSourcesBuildPhase section */
		50F7B3B923ACC05B00487140 /* Sources */ = {
			isa = PBXSourcesBuildPhase;
			buildActionMask = 2147483647;
			files = (
				50F7B3FE23ACC41A00487140 /* TimelineRouter.swift in Sources */,
				50F7B3C123ACC05B00487140 /* AppDelegate.swift in Sources */,
				50F7B41223B3343E00487140 /* TimelineCell.swift in Sources */,
				50F7B40A23ACD1BB00487140 /* QiitaAPIClient.swift in Sources */,
				50F7B40723ACCD3B00487140 /* TimelineEntity.swift in Sources */,
				50F7B40123ACC5AD00487140 /* TimelinePresenter.swift in Sources */,
				50F7B40C23B31BA600487140 /* RootRouter.swift in Sources */,
				50F7B3FB23ACC38C00487140 /* TimelineTableViewController.swift in Sources */,
				50F7B40423ACC6AA00487140 /* TimelineInteractor.swift in Sources */,
				50F7B3C323ACC05B00487140 /* SceneDelegate.swift in Sources */,
			);
			runOnlyForDeploymentPostprocessing = 0;
		};
		50F7B3CF23ACC05E00487140 /* Sources */ = {
			isa = PBXSourcesBuildPhase;
			buildActionMask = 2147483647;
			files = (
				50F7B3D823ACC05E00487140 /* VIPER_testTests.swift in Sources */,
			);
			runOnlyForDeploymentPostprocessing = 0;
		};
		50F7B3DA23ACC05E00487140 /* Sources */ = {
			isa = PBXSourcesBuildPhase;
			buildActionMask = 2147483647;
			files = (
				50F7B3E323ACC05E00487140 /* VIPER_testUITests.swift in Sources */,
			);
			runOnlyForDeploymentPostprocessing = 0;
		};
/* End PBXSourcesBuildPhase section */

/* Begin PBXTargetDependency section */
		50F7B3D523ACC05E00487140 /* PBXTargetDependency */ = {
			isa = PBXTargetDependency;
			target = 50F7B3BC23ACC05B00487140 /* VIPER-test */;
			targetProxy = 50F7B3D423ACC05E00487140 /* PBXContainerItemProxy */;
		};
		50F7B3E023ACC05E00487140 /* PBXTargetDependency */ = {
			isa = PBXTargetDependency;
			target = 50F7B3BC23ACC05B00487140 /* VIPER-test */;
			targetProxy = 50F7B3DF23ACC05E00487140 /* PBXContainerItemProxy */;
		};
/* End PBXTargetDependency section */

/* Begin PBXVariantGroup section */
		50F7B3CB23ACC05D00487140 /* LaunchScreen.storyboard */ = {
			isa = PBXVariantGroup;
			children = (
				50F7B3CC23ACC05D00487140 /* Base */,
			);
			name = LaunchScreen.storyboard;
			sourceTree = "<group>";
		};
/* End PBXVariantGroup section */

/* Begin XCBuildConfiguration section */
		50F7B3E523ACC05E00487140 /* Debug */ = {
			isa = XCBuildConfiguration;
			buildSettings = {
				ALWAYS_SEARCH_USER_PATHS = NO;
				CLANG_ANALYZER_NONNULL = YES;
				CLANG_ANALYZER_NUMBER_OBJECT_CONVERSION = YES_AGGRESSIVE;
				CLANG_CXX_LANGUAGE_STANDARD = "gnu++14";
				CLANG_CXX_LIBRARY = "libc++";
				CLANG_ENABLE_MODULES = YES;
				CLANG_ENABLE_OBJC_ARC = YES;
				CLANG_ENABLE_OBJC_WEAK = YES;
				CLANG_WARN_BLOCK_CAPTURE_AUTORELEASING = YES;
				CLANG_WARN_BOOL_CONVERSION = YES;
				CLANG_WARN_COMMA = YES;
				CLANG_WARN_CONSTANT_CONVERSION = YES;
				CLANG_WARN_DEPRECATED_OBJC_IMPLEMENTATIONS = YES;
				CLANG_WARN_DIRECT_OBJC_ISA_USAGE = YES_ERROR;
				CLANG_WARN_DOCUMENTATION_COMMENTS = YES;
				CLANG_WARN_EMPTY_BODY = YES;
				CLANG_WARN_ENUM_CONVERSION = YES;
				CLANG_WARN_INFINITE_RECURSION = YES;
				CLANG_WARN_INT_CONVERSION = YES;
				CLANG_WARN_NON_LITERAL_NULL_CONVERSION = YES;
				CLANG_WARN_OBJC_IMPLICIT_RETAIN_SELF = YES;
				CLANG_WARN_OBJC_LITERAL_CONVERSION = YES;
				CLANG_WARN_OBJC_ROOT_CLASS = YES_ERROR;
				CLANG_WARN_RANGE_LOOP_ANALYSIS = YES;
				CLANG_WARN_STRICT_PROTOTYPES = YES;
				CLANG_WARN_SUSPICIOUS_MOVE = YES;
				CLANG_WARN_UNGUARDED_AVAILABILITY = YES_AGGRESSIVE;
				CLANG_WARN_UNREACHABLE_CODE = YES;
				CLANG_WARN__DUPLICATE_METHOD_MATCH = YES;
				COPY_PHASE_STRIP = NO;
				DEBUG_INFORMATION_FORMAT = dwarf;
				ENABLE_STRICT_OBJC_MSGSEND = YES;
				ENABLE_TESTABILITY = YES;
				GCC_C_LANGUAGE_STANDARD = gnu11;
				GCC_DYNAMIC_NO_PIC = NO;
				GCC_NO_COMMON_BLOCKS = YES;
				GCC_OPTIMIZATION_LEVEL = 0;
				GCC_PREPROCESSOR_DEFINITIONS = (
					"DEBUG=1",
					"$(inherited)",
				);
				GCC_WARN_64_TO_32_BIT_CONVERSION = YES;
				GCC_WARN_ABOUT_RETURN_TYPE = YES_ERROR;
				GCC_WARN_UNDECLARED_SELECTOR = YES;
				GCC_WARN_UNINITIALIZED_AUTOS = YES_AGGRESSIVE;
				GCC_WARN_UNUSED_FUNCTION = YES;
				GCC_WARN_UNUSED_VARIABLE = YES;
				IPHONEOS_DEPLOYMENT_TARGET = 13.0;
				MTL_ENABLE_DEBUG_INFO = INCLUDE_SOURCE;
				MTL_FAST_MATH = YES;
				ONLY_ACTIVE_ARCH = YES;
				SDKROOT = iphoneos;
				SWIFT_ACTIVE_COMPILATION_CONDITIONS = DEBUG;
				SWIFT_OPTIMIZATION_LEVEL = "-Onone";
			};
			name = Debug;
		};
		50F7B3E623ACC05E00487140 /* Release */ = {
			isa = XCBuildConfiguration;
			buildSettings = {
				ALWAYS_SEARCH_USER_PATHS = NO;
				CLANG_ANALYZER_NONNULL = YES;
				CLANG_ANALYZER_NUMBER_OBJECT_CONVERSION = YES_AGGRESSIVE;
				CLANG_CXX_LANGUAGE_STANDARD = "gnu++14";
				CLANG_CXX_LIBRARY = "libc++";
				CLANG_ENABLE_MODULES = YES;
				CLANG_ENABLE_OBJC_ARC = YES;
				CLANG_ENABLE_OBJC_WEAK = YES;
				CLANG_WARN_BLOCK_CAPTURE_AUTORELEASING = YES;
				CLANG_WARN_BOOL_CONVERSION = YES;
				CLANG_WARN_COMMA = YES;
				CLANG_WARN_CONSTANT_CONVERSION = YES;
				CLANG_WARN_DEPRECATED_OBJC_IMPLEMENTATIONS = YES;
				CLANG_WARN_DIRECT_OBJC_ISA_USAGE = YES_ERROR;
				CLANG_WARN_DOCUMENTATION_COMMENTS = YES;
				CLANG_WARN_EMPTY_BODY = YES;
				CLANG_WARN_ENUM_CONVERSION = YES;
				CLANG_WARN_INFINITE_RECURSION = YES;
				CLANG_WARN_INT_CONVERSION = YES;
				CLANG_WARN_NON_LITERAL_NULL_CONVERSION = YES;
				CLANG_WARN_OBJC_IMPLICIT_RETAIN_SELF = YES;
				CLANG_WARN_OBJC_LITERAL_CONVERSION = YES;
				CLANG_WARN_OBJC_ROOT_CLASS = YES_ERROR;
				CLANG_WARN_RANGE_LOOP_ANALYSIS = YES;
				CLANG_WARN_STRICT_PROTOTYPES = YES;
				CLANG_WARN_SUSPICIOUS_MOVE = YES;
				CLANG_WARN_UNGUARDED_AVAILABILITY = YES_AGGRESSIVE;
				CLANG_WARN_UNREACHABLE_CODE = YES;
				CLANG_WARN__DUPLICATE_METHOD_MATCH = YES;
				COPY_PHASE_STRIP = NO;
				DEBUG_INFORMATION_FORMAT = "dwarf-with-dsym";
				ENABLE_NS_ASSERTIONS = NO;
				ENABLE_STRICT_OBJC_MSGSEND = YES;
				GCC_C_LANGUAGE_STANDARD = gnu11;
				GCC_NO_COMMON_BLOCKS = YES;
				GCC_WARN_64_TO_32_BIT_CONVERSION = YES;
				GCC_WARN_ABOUT_RETURN_TYPE = YES_ERROR;
				GCC_WARN_UNDECLARED_SELECTOR = YES;
				GCC_WARN_UNINITIALIZED_AUTOS = YES_AGGRESSIVE;
				GCC_WARN_UNUSED_FUNCTION = YES;
				GCC_WARN_UNUSED_VARIABLE = YES;
				IPHONEOS_DEPLOYMENT_TARGET = 13.0;
				MTL_ENABLE_DEBUG_INFO = NO;
				MTL_FAST_MATH = YES;
				SDKROOT = iphoneos;
				SWIFT_COMPILATION_MODE = wholemodule;
				SWIFT_OPTIMIZATION_LEVEL = "-O";
				VALIDATE_PRODUCT = YES;
			};
			name = Release;
		};
		50F7B3E823ACC05E00487140 /* Debug */ = {
			isa = XCBuildConfiguration;
			baseConfigurationReference = 2A3FEC7F3B87BD7A3DB7A226 /* Pods-VIPER-test.debug.xcconfig */;
			buildSettings = {
				ASSETCATALOG_COMPILER_APPICON_NAME = AppIcon;
				CODE_SIGN_STYLE = Automatic;
				INFOPLIST_FILE = "VIPER-test/Info.plist";
				LD_RUNPATH_SEARCH_PATHS = (
					"$(inherited)",
					"@executable_path/Frameworks",
				);
				PRODUCT_BUNDLE_IDENTIFIER = "practice.VIPER-test";
				PRODUCT_NAME = "$(TARGET_NAME)";
				SWIFT_VERSION = 5.0;
				TARGETED_DEVICE_FAMILY = "1,2";
			};
			name = Debug;
		};
		50F7B3E923ACC05E00487140 /* Release */ = {
			isa = XCBuildConfiguration;
			baseConfigurationReference = 01989884673C3E4F5EC3E10A /* Pods-VIPER-test.release.xcconfig */;
			buildSettings = {
				ASSETCATALOG_COMPILER_APPICON_NAME = AppIcon;
				CODE_SIGN_STYLE = Automatic;
				INFOPLIST_FILE = "VIPER-test/Info.plist";
				LD_RUNPATH_SEARCH_PATHS = (
					"$(inherited)",
					"@executable_path/Frameworks",
				);
				PRODUCT_BUNDLE_IDENTIFIER = "practice.VIPER-test";
				PRODUCT_NAME = "$(TARGET_NAME)";
				SWIFT_VERSION = 5.0;
				TARGETED_DEVICE_FAMILY = "1,2";
			};
			name = Release;
		};
		50F7B3EB23ACC05E00487140 /* Debug */ = {
			isa = XCBuildConfiguration;
			buildSettings = {
				ALWAYS_EMBED_SWIFT_STANDARD_LIBRARIES = YES;
				BUNDLE_LOADER = "$(TEST_HOST)";
				CODE_SIGN_STYLE = Automatic;
				INFOPLIST_FILE = "VIPER-testTests/Info.plist";
				IPHONEOS_DEPLOYMENT_TARGET = 13.0;
				LD_RUNPATH_SEARCH_PATHS = (
					"$(inherited)",
					"@executable_path/Frameworks",
					"@loader_path/Frameworks",
				);
				PRODUCT_BUNDLE_IDENTIFIER = "practice.VIPER-testTests";
				PRODUCT_NAME = "$(TARGET_NAME)";
				SWIFT_VERSION = 5.0;
				TARGETED_DEVICE_FAMILY = "1,2";
				TEST_HOST = "$(BUILT_PRODUCTS_DIR)/VIPER-test.app/VIPER-test";
			};
			name = Debug;
		};
		50F7B3EC23ACC05E00487140 /* Release */ = {
			isa = XCBuildConfiguration;
			buildSettings = {
				ALWAYS_EMBED_SWIFT_STANDARD_LIBRARIES = YES;
				BUNDLE_LOADER = "$(TEST_HOST)";
				CODE_SIGN_STYLE = Automatic;
				INFOPLIST_FILE = "VIPER-testTests/Info.plist";
				IPHONEOS_DEPLOYMENT_TARGET = 13.0;
				LD_RUNPATH_SEARCH_PATHS = (
					"$(inherited)",
					"@executable_path/Frameworks",
					"@loader_path/Frameworks",
				);
				PRODUCT_BUNDLE_IDENTIFIER = "practice.VIPER-testTests";
				PRODUCT_NAME = "$(TARGET_NAME)";
				SWIFT_VERSION = 5.0;
				TARGETED_DEVICE_FAMILY = "1,2";
				TEST_HOST = "$(BUILT_PRODUCTS_DIR)/VIPER-test.app/VIPER-test";
			};
			name = Release;
		};
		50F7B3EE23ACC05E00487140 /* Debug */ = {
			isa = XCBuildConfiguration;
			buildSettings = {
				ALWAYS_EMBED_SWIFT_STANDARD_LIBRARIES = YES;
				CODE_SIGN_STYLE = Automatic;
				INFOPLIST_FILE = "VIPER-testUITests/Info.plist";
				LD_RUNPATH_SEARCH_PATHS = (
					"$(inherited)",
					"@executable_path/Frameworks",
					"@loader_path/Frameworks",
				);
				PRODUCT_BUNDLE_IDENTIFIER = "practice.VIPER-testUITests";
				PRODUCT_NAME = "$(TARGET_NAME)";
				SWIFT_VERSION = 5.0;
				TARGETED_DEVICE_FAMILY = "1,2";
				TEST_TARGET_NAME = "VIPER-test";
			};
			name = Debug;
		};
		50F7B3EF23ACC05E00487140 /* Release */ = {
			isa = XCBuildConfiguration;
			buildSettings = {
				ALWAYS_EMBED_SWIFT_STANDARD_LIBRARIES = YES;
				CODE_SIGN_STYLE = Automatic;
				INFOPLIST_FILE = "VIPER-testUITests/Info.plist";
				LD_RUNPATH_SEARCH_PATHS = (
					"$(inherited)",
					"@executable_path/Frameworks",
					"@loader_path/Frameworks",
				);
				PRODUCT_BUNDLE_IDENTIFIER = "practice.VIPER-testUITests";
				PRODUCT_NAME = "$(TARGET_NAME)";
				SWIFT_VERSION = 5.0;
				TARGETED_DEVICE_FAMILY = "1,2";
				TEST_TARGET_NAME = "VIPER-test";
			};
			name = Release;
		};
/* End XCBuildConfiguration section */

/* Begin XCConfigurationList section */
		50F7B3B823ACC05B00487140 /* Build configuration list for PBXProject "VIPER-test" */ = {
			isa = XCConfigurationList;
			buildConfigurations = (
				50F7B3E523ACC05E00487140 /* Debug */,
				50F7B3E623ACC05E00487140 /* Release */,
			);
			defaultConfigurationIsVisible = 0;
			defaultConfigurationName = Release;
		};
		50F7B3E723ACC05E00487140 /* Build configuration list for PBXNativeTarget "VIPER-test" */ = {
			isa = XCConfigurationList;
			buildConfigurations = (
				50F7B3E823ACC05E00487140 /* Debug */,
				50F7B3E923ACC05E00487140 /* Release */,
			);
			defaultConfigurationIsVisible = 0;
			defaultConfigurationName = Release;
		};
		50F7B3EA23ACC05E00487140 /* Build configuration list for PBXNativeTarget "VIPER-testTests" */ = {
			isa = XCConfigurationList;
			buildConfigurations = (
				50F7B3EB23ACC05E00487140 /* Debug */,
				50F7B3EC23ACC05E00487140 /* Release */,
			);
			defaultConfigurationIsVisible = 0;
			defaultConfigurationName = Release;
		};
		50F7B3ED23ACC05E00487140 /* Build configuration list for PBXNativeTarget "VIPER-testUITests" */ = {
			isa = XCConfigurationList;
			buildConfigurations = (
				50F7B3EE23ACC05E00487140 /* Debug */,
				50F7B3EF23ACC05E00487140 /* Release */,
			);
			defaultConfigurationIsVisible = 0;
			defaultConfigurationName = Release;
		};
/* End XCConfigurationList section */
	};
	rootObject = 50F7B3B523ACC05B00487140 /* Project object */;
}
